
Microsoft Visual Studio Solution File, Format Version 12.00
# Visual Studio 2013
VisualStudioVersion = 12.0.40629.0
MinimumVisualStudioVersion = 10.0.40219.1
Project("{FAE04EC0-301F-11D3-BF4B-00C04F79EFBC}") = "CtoFConverter", "CtoFConverter\CtoFConverter.csproj", "{48E1CB7D-6246-4322-B403-F6ED9056860F}"
EndProject
Project("{FAE04EC0-301F-11D3-BF4B-00C04F79EFBC}") = "CtoFTests", "CtoFTests\CtoFTests.csproj", "{203EC990-0037-4445-B34D-40A0BD00FAB9}"
EndProject
Global
	GlobalSection(SolutionConfigurationPlatforms) = preSolution
		Debug|Any CPU = Debug|Any CPU
		Release|Any CPU = Release|Any CPU
	EndGlobalSection
	GlobalSection(ProjectConfigurationPlatforms) = postSolution
		{48E1CB7D-6246-4322-B403-F6ED9056860F}.Debug|Any CPU.ActiveCfg = Debug|Any CPU
		{48E1CB7D-6246-4322-B403-F6ED9056860F}.Debug|Any CPU.Build.0 = Debug|Any CPU
		{48E1CB7D-6246-4322-B403-F6ED9056860F}.Release|Any CPU.ActiveCfg = Release|Any CPU
		{48E1CB7D-6246-4322-B403-F6ED9056860F}.Release|Any CPU.Build.0 = Release|Any CPU
		{203EC990-0037-4445-B34D-40A0BD00FAB9}.Debug|Any CPU.ActiveCfg = Debug|Any CPU
		{203EC990-0037-4445-B34D-40A0BD00FAB9}.Debug|Any CPU.Build.0 = Debug|Any CPU
		{203EC990-0037-4445-B34D-40A0BD00FAB9}.Release|Any CPU.ActiveCfg = Release|Any CPU
		{203EC990-0037-4445-B34D-40A0BD00FAB9}.Release|Any CPU.Build.0 = Release|Any CPU
	EndGlobalSection
	GlobalSection(SolutionProperties) = preSolution
		HideSolutionNode = FALSE
	EndGlobalSection
EndGlobal
