
Microsoft Visual Studio Solution File, Format Version 12.00
# Visual Studio 2013
VisualStudioVersion = 12.0.40629.0
MinimumVisualStudioVersion = 10.0.40219.1
Project("{FAE04EC0-301F-11D3-BF4B-00C04F79EFBC}") = "FizzBuzzKata", "FizzBuzzKata\FizzBuzzKata.csproj", "{FE732183-C8A6-4779-A3A9-8844948584E9}"
EndProject
Project("{FAE04EC0-301F-11D3-BF4B-00C04F79EFBC}") = "FizzBuzzKataTests", "FizzBuzzKataTests\FizzBuzzKataTests.csproj", "{3F1A5EEA-0749-4AC6-BF9C-ADAC56D5E50B}"
EndProject
Global
	GlobalSection(SolutionConfigurationPlatforms) = preSolution
		Debug|Any CPU = Debug|Any CPU
		Release|Any CPU = Release|Any CPU
	EndGlobalSection
	GlobalSection(ProjectConfigurationPlatforms) = postSolution
		{FE732183-C8A6-4779-A3A9-8844948584E9}.Debug|Any CPU.ActiveCfg = Debug|Any CPU
		{FE732183-C8A6-4779-A3A9-8844948584E9}.Debug|Any CPU.Build.0 = Debug|Any CPU
		{FE732183-C8A6-4779-A3A9-8844948584E9}.Release|Any CPU.ActiveCfg = Release|Any CPU
		{FE732183-C8A6-4779-A3A9-8844948584E9}.Release|Any CPU.Build.0 = Release|Any CPU
		{3F1A5EEA-0749-4AC6-BF9C-ADAC56D5E50B}.Debug|Any CPU.ActiveCfg = Debug|Any CPU
		{3F1A5EEA-0749-4AC6-BF9C-ADAC56D5E50B}.Debug|Any CPU.Build.0 = Debug|Any CPU
		{3F1A5EEA-0749-4AC6-BF9C-ADAC56D5E50B}.Release|Any CPU.ActiveCfg = Release|Any CPU
		{3F1A5EEA-0749-4AC6-BF9C-ADAC56D5E50B}.Release|Any CPU.Build.0 = Release|Any CPU
	EndGlobalSection
	GlobalSection(SolutionProperties) = preSolution
		HideSolutionNode = FALSE
	EndGlobalSection
EndGlobal
